PODS:
  - flutter_micro_ecc (0.0.1):
    - FlutterMacOS
  - FlutterMacOS (1.0.0)

DEPENDENCIES:
  - flutter_micro_ecc (from `Flutter/ephemeral/.symlinks/plugins/flutter_micro_ecc/macos`)
  - FlutterMacOS (from `Flutter/ephemeral`)

EXTERNAL SOURCES:
  flutter_micro_ecc:
    :path: Flutter/ephemeral/.symlinks/plugins/flutter_micro_ecc/macos
  FlutterMacOS:
    :path: Flutter/ephemeral

SPEC CHECKSUMS:
  flutter_micro_ecc: b2701ce1912a4d6d66124c6fd6e58c6fd21215a2
  FlutterMacOS: 8f6f14fa908a6fb3fba0cd85dbd81ec4b251fb24

PODFILE CHECKSUM: 353c8bcc5d5b0994e508d035b5431cfe18c1dea7

COCOAPODS: 1.11.3
